# This file is automatically @generated by Cargo.
# It is not intended for manual editing.
version = 4

[[package]]
name = "vis-analyzer"
version = "0.1.0"

[[package]]
name = "vis-cli"
version = "0.1.0"

[[package]]
name = "vis-diagnostics"
version = "0.1.0"

[[package]]
name = "vis-ir"
version = "0.1.0"
dependencies = [
 "vis-diagnostics",
]

[[package]]
name = "vis-parser"
version = "0.1.0"

[[package]]
name = "vis-rules"
version = "0.1.0"
